dependencies:
- name: redis
  repository: https://charts.bitnami.com/bitnami
  version: 18.1.5
- name: gdscan
  repository: https://gdatasoftwareag.github.io/gdscan/
  version: 1.4.5
- name: mini-identity-provider
  repository: oci://ghcr.io/gdatasoftwareag
  version: 0.1.17
digest: sha256:e4f283b831d4726932df1ba32ed10a746faa7aa89fd7345c3f952b7563e856bd
generated: "2024-02-12T09:11:31.341370564+01:00"
